// !$*UTF8*$!
{
	archiveVersion = 1;
	classes = {
	};
	objectVersion = 46;
	objects = {

/* Begin PBXBuildFile section */
		0002629E1D86189900ED23D8 /* AppDelegate.swift in Sources */ = {isa = PBXBuildFile; fileRef = 0002629D1D86189900ED23D8 /* AppDelegate.swift */; };
		000262A01D86189900ED23D8 /* ViewController.swift in Sources */ = {isa = PBXBuildFile; fileRef = 0002629F1D86189900ED23D8 /* ViewController.swift */; };
		000262A31D86189900ED23D8 /* Main.storyboard in Resources */ = {isa = PBXBuildFile; fileRef = 000262A11D86189900ED23D8 /* Main.storyboard */; };
		000262A51D86189900ED23D8 /* Assets.xcassets in Resources */ = {isa = PBXBuildFile; fileRef = 000262A41D86189900ED23D8 /* Assets.xcassets */; };
		000262A81D86189900ED23D8 /* LaunchScreen.storyboard in Resources */ = {isa = PBXBuildFile; fileRef = 000262A61D86189900ED23D8 /* LaunchScreen.storyboard */; };
		000262B31D86189900ED23D8 /* PitchPerfectTests.swift in Sources */ = {isa = PBXBuildFile; fileRef = 000262B21D86189900ED23D8 /* PitchPerfectTests.swift */; };
		000262BE1D86189900ED23D8 /* PitchPerfectUITests.swift in Sources */ = {isa = PBXBuildFile; fileRef = 000262BD1D86189900ED23D8 /* PitchPerfectUITests.swift */; };
/* End PBXBuildFile section */

/* Begin PBXContainerItemProxy section */
		000262AF1D86189900ED23D8 /* PBXContainerItemProxy */ = {
			isa = PBXContainerItemProxy;
			containerPortal = 000262921D86189800ED23D8 /* Project object */;
			proxyType = 1;
			remoteGlobalIDString = 000262991D86189800ED23D8;
			remoteInfo = PitchPerfect;
		};
		000262BA1D86189900ED23D8 /* PBXContainerItemProxy */ = {
			isa = PBXContainerItemProxy;
			containerPortal = 000262921D86189800ED23D8 /* Project object */;
			proxyType = 1;
			remoteGlobalIDString = 000262991D86189800ED23D8;
			remoteInfo = PitchPerfect;
		};
/* End PBXContainerItemProxy section */

/* Begin PBXFileReference section */
		0002629A1D86189900ED23D8 /* PitchPerfect.app */ = {isa = PBXFileReference; explicitFileType = wrapper.application; includeInIndex = 0; path = PitchPerfect.app; sourceTree = BUILT_PRODUCTS_DIR; };
		0002629D1D86189900ED23D8 /* AppDelegate.swift */ = {isa = PBXFileReference; lastKnownFileType = sourcecode.swift; path = AppDelegate.swift; sourceTree = "<group>"; };
		0002629F1D86189900ED23D8 /* ViewController.swift */ = {isa = PBXFileReference; lastKnownFileType = sourcecode.swift; path = ViewController.swift; sourceTree = "<group>"; };
		000262A21D86189900ED23D8 /* Base */ = {isa = PBXFileReference; lastKnownFileType = file.storyboard; name = Base; path = Base.lproj/Main.storyboard; sourceTree = "<group>"; };
		000262A41D86189900ED23D8 /* Assets.xcassets */ = {isa = PBXFileReference; lastKnownFileType = folder.assetcatalog; path = Assets.xcassets; sourceTree = "<group>"; };
		000262A71D86189900ED23D8 /* Base */ = {isa = PBXFileReference; lastKnownFileType = file.storyboard; name = Base; path = Base.lproj/LaunchScreen.storyboard; sourceTree = "<group>"; };
		000262A91D86189900ED23D8 /* Info.plist */ = {isa = PBXFileReference; lastKnownFileType = text.plist.xml; path = Info.plist; sourceTree = "<group>"; };
		000262AE1D86189900ED23D8 /* PitchPerfectTests.xctest */ = {isa = PBXFileReference; explicitFileType = wrapper.cfbundle; includeInIndex = 0; path = PitchPerfectTests.xctest; sourceTree = BUILT_PRODUCTS_DIR; };
		000262B21D86189900ED23D8 /* PitchPerfectTests.swift */ = {isa = PBXFileReference; lastKnownFileType = sourcecode.swift; path = PitchPerfectTests.swift; sourceTree = "<group>"; };
		000262B41D86189900ED23D8 /* Info.plist */ = {isa = PBXFileReference; lastKnownFileType = text.plist.xml; path = Info.plist; sourceTree = "<group>"; };
		000262B91D86189900ED23D8 /* PitchPerfectUITests.xctest */ = {isa = PBXFileReference; explicitFileType = wrapper.cfbundle; includeInIndex = 0; path = PitchPerfectUITests.xctest; sourceTree = BUILT_PRODUCTS_DIR; };
		000262BD1D86189900ED23D8 /* PitchPerfectUITests.swift */ = {isa = PBXFileReference; lastKnownFileType = sourcecode.swift; path = PitchPerfectUITests.swift; sourceTree = "<group>"; };
		000262BF1D86189900ED23D8 /* Info.plist */ = {isa = PBXFileReference; lastKnownFileType = text.plist.xml; path = Info.plist; sourceTree = "<group>"; };
/* End PBXFileReference section */

/* Begin PBXFrameworksBuildPhase section */
		000262971D86189800ED23D8 /* Frameworks */ = {
			isa = PBXFrameworksBuildPhase;
			buildActionMask = 2147483647;
			files = (
			);
			runOnlyForDeploymentPostprocessing = 0;
		};
		000262AB1D86189900ED23D8 /* Frameworks */ = {
			isa = PBXFrameworksBuildPhase;
			buildActionMask = 2147483647;
			files = (
			);
			runOnlyForDeploymentPostprocessing = 0;
		};
		000262B61D86189900ED23D8 /* Frameworks */ = {
			isa = PBXFrameworksBuildPhase;
			buildActionMask = 2147483647;
			files = (
			);
			runOnlyForDeploymentPostprocessing = 0;
		};
/* End PBXFrameworksBuildPhase section */

/* Begin PBXGroup section */
		000262911D86189800ED23D8 = {
			isa = PBXGroup;
			children = (
				0002629C1D86189900ED23D8 /* PitchPerfect */,
				000262B11D86189900ED23D8 /* PitchPerfectTests */,
				000262BC1D86189900ED23D8 /* PitchPerfectUITests */,
				0002629B1D86189900ED23D8 /* Products */,
			);
			sourceTree = "<group>";
		};
		0002629B1D86189900ED23D8 /* Products */ = {
			isa = PBXGroup;
			children = (
				0002629A1D86189900ED23D8 /* PitchPerfect.app */,
				000262AE1D86189900ED23D8 /* PitchPerfectTests.xctest */,
				000262B91D86189900ED23D8 /* PitchPerfectUITests.xctest */,
			);
			name = Products;
			sourceTree = "<group>";
		};
		0002629C1D86189900ED23D8 /* PitchPerfect */ = {
			isa = PBXGroup;
			children = (
				0002629D1D86189900ED23D8 /* AppDelegate.swift */,
				0002629F1D86189900ED23D8 /* ViewController.swift */,
				000262A11D86189900ED23D8 /* Main.storyboard */,
				000262A41D86189900ED23D8 /* Assets.xcassets */,
				000262A61D86189900ED23D8 /* LaunchScreen.storyboard */,
				000262A91D86189900ED23D8 /* Info.plist */,
			);
			path = PitchPerfect;
			sourceTree = "<group>";
		};
		000262B11D86189900ED23D8 /* PitchPerfectTests */ = {
			isa = PBXGroup;
			children = (
				000262B21D86189900ED23D8 /* PitchPerfectTests.swift */,
				000262B41D86189900ED23D8 /* Info.plist */,
			);
			path = PitchPerfectTests;
			sourceTree = "<group>";
		};
		000262BC1D86189900ED23D8 /* PitchPerfectUITests */ = {
			isa = PBXGroup;
			children = (
				000262BD1D86189900ED23D8 /* PitchPerfectUITests.swift */,
				000262BF1D86189900ED23D8 /* Info.plist */,
			);
			path = PitchPerfectUITests;
			sourceTree = "<group>";
		};
/* End PBXGroup section */

/* Begin PBXNativeTarget section */
		000262991D86189800ED23D8 /* PitchPerfect */ = {
			isa = PBXNativeTarget;
			buildConfigurationList = 000262C21D86189900ED23D8 /* Build configuration list for PBXNativeTarget "PitchPerfect" */;
			buildPhases = (
				000262961D86189800ED23D8 /* Sources */,
				000262971D86189800ED23D8 /* Frameworks */,
				000262981D86189800ED23D8 /* Resources */,
			);
			buildRules = (
			);
			dependencies = (
			);
			name = PitchPerfect;
			productName = PitchPerfect;
			productReference = 0002629A1D86189900ED23D8 /* PitchPerfect.app */;
			productType = "com.apple.product-type.application";
		};
		000262AD1D86189900ED23D8 /* PitchPerfectTests */ = {
			isa = PBXNativeTarget;
			buildConfigurationList = 000262C51D86189900ED23D8 /* Build configuration list for PBXNativeTarget "PitchPerfectTests" */;
			buildPhases = (
				000262AA1D86189900ED23D8 /* Sources */,
				000262AB1D86189900ED23D8 /* Frameworks */,
				000262AC1D86189900ED23D8 /* Resources */,
			);
			buildRules = (
			);
			dependencies = (
				000262B01D86189900ED23D8 /* PBXTargetDependency */,
			);
			name = PitchPerfectTests;
			productName = PitchPerfectTests;
			productReference = 000262AE1D86189900ED23D8 /* PitchPerfectTests.xctest */;
			productType = "com.apple.product-type.bundle.unit-test";
		};
		000262B81D86189900ED23D8 /* PitchPerfectUITests */ = {
			isa = PBXNativeTarget;
			buildConfigurationList = 000262C81D86189900ED23D8 /* Build configuration list for PBXNativeTarget "PitchPerfectUITests" */;
			buildPhases = (
				000262B51D86189900ED23D8 /* Sources */,
				000262B61D86189900ED23D8 /* Frameworks */,
				000262B71D86189900ED23D8 /* Resources */,
			);
			buildRules = (
			);
			dependencies = (
				000262BB1D86189900ED23D8 /* PBXTargetDependency */,
			);
			name = PitchPerfectUITests;
			productName = PitchPerfectUITests;
			productReference = 000262B91D86189900ED23D8 /* PitchPerfectUITests.xctest */;
			productType = "com.apple.product-type.bundle.ui-testing";
		};
/* End PBXNativeTarget section */

/* Begin PBXProject section */
		000262921D86189800ED23D8 /* Project object */ = {
			isa = PBXProject;
			attributes = {
				LastSwiftUpdateCheck = 0800;
				LastUpgradeCheck = 0800;
				ORGANIZATIONNAME = Robin;
				TargetAttributes = {
					000262991D86189800ED23D8 = {
						CreatedOnToolsVersion = 8.0;
						ProvisioningStyle = Automatic;
					};
					000262AD1D86189900ED23D8 = {
						CreatedOnToolsVersion = 8.0;
						ProvisioningStyle = Automatic;
						TestTargetID = 000262991D86189800ED23D8;
					};
					000262B81D86189900ED23D8 = {
						CreatedOnToolsVersion = 8.0;
						ProvisioningStyle = Automatic;
						TestTargetID = 000262991D86189800ED23D8;
					};
				};
			};
			buildConfigurationList = 000262951D86189800ED23D8 /* Build configuration list for PBXProject "PitchPerfect" */;
			compatibilityVersion = "Xcode 3.2";
			developmentRegion = English;
			hasScannedForEncodings = 0;
			knownRegions = (
				en,
				Base,
			);
			mainGroup = 000262911D86189800ED23D8;
			productRefGroup = 0002629B1D86189900ED23D8 /* Products */;
			projectDirPath = "";
			projectRoot = "";
			targets = (
				000262991D86189800ED23D8 /* PitchPerfect */,
				000262AD1D86189900ED23D8 /* PitchPerfectTests */,
				000262B81D86189900ED23D8 /* PitchPerfectUITests */,
			);
		};
/* End PBXProject section */

/* Begin PBXResourcesBuildPhase section */
		000262981D86189800ED23D8 /* Resources */ = {
			isa = PBXResourcesBuildPhase;
			buildActionMask = 2147483647;
			files = (
				000262A81D86189900ED23D8 /* LaunchScreen.storyboard in Resources */,
				000262A51D86189900ED23D8 /* Assets.xcassets in Resources */,
				000262A31D86189900ED23D8 /* Main.storyboard in Resources */,
			);
			runOnlyForDeploymentPostprocessing = 0;
		};
		000262AC1D86189900ED23D8 /* Resources */ = {
			isa = PBXResourcesBuildPhase;
			buildActionMask = 2147483647;
			files = (
			);
			runOnlyForDeploymentPostprocessing = 0;
		};
		000262B71D86189900ED23D8 /* Resources */ = {
			isa = PBXResourcesBuildPhase;
			buildActionMask = 2147483647;
			files = (
			);
			runOnlyForDeploymentPostprocessing = 0;
		};
/* End PBXResourcesBuildPhase section */

/* Begin PBXSourcesBuildPhase section */
		000262961D86189800ED23D8 /* Sources */ = {
			isa = PBXSourcesBuildPhase;
			buildActionMask = 2147483647;
			files = (
				000262A01D86189900ED23D8 /* ViewController.swift in Sources */,
				0002629E1D86189900ED23D8 /* AppDelegate.swift in Sources */,
			);
			runOnlyForDeploymentPostprocessing = 0;
		};
		000262AA1D86189900ED23D8 /* Sources */ = {
			isa = PBXSourcesBuildPhase;
			buildActionMask = 2147483647;
			files = (
				000262B31D86189900ED23D8 /* PitchPerfectTests.swift in Sources */,
			);
			runOnlyForDeploymentPostprocessing = 0;
		};
		000262B51D86189900ED23D8 /* Sources */ = {
			isa = PBXSourcesBuildPhase;
			buildActionMask = 2147483647;
			files = (
				000262BE1D86189900ED23D8 /* PitchPerfectUITests.swift in Sources */,
			);
			runOnlyForDeploymentPostprocessing = 0;
		};
/* End PBXSourcesBuildPhase section */

/* Begin PBXTargetDependency section */
		000262B01D86189900ED23D8 /* PBXTargetDependency */ = {
			isa = PBXTargetDependency;
			target = 000262991D86189800ED23D8 /* PitchPerfect */;
			targetProxy = 000262AF1D86189900ED23D8 /* PBXContainerItemProxy */;
		};
		000262BB1D86189900ED23D8 /* PBXTargetDependency */ = {
			isa = PBXTargetDependency;
			target = 000262991D86189800ED23D8 /* PitchPerfect */;
			targetProxy = 000262BA1D86189900ED23D8 /* PBXContainerItemProxy */;
		};
/* End PBXTargetDependency section */

/* Begin PBXVariantGroup section */
		000262A11D86189900ED23D8 /* Main.storyboard */ = {
			isa = PBXVariantGroup;
			children = (
				000262A21D86189900ED23D8 /* Base */,
			);
			name = Main.storyboard;
			sourceTree = "<group>";
		};
		000262A61D86189900ED23D8 /* LaunchScreen.storyboard */ = {
			isa = PBXVariantGroup;
			children = (
				000262A71D86189900ED23D8 /* Base */,
			);
			name = LaunchScreen.storyboard;
			sourceTree = "<group>";
		};
/* End PBXVariantGroup section */

/* Begin XCBuildConfiguration section */
		000262C01D86189900ED23D8 /* Debug */ = {
			isa = XCBuildConfiguration;
			buildSettings = {
				ALWAYS_SEARCH_USER_PATHS = NO;
				CLANG_ANALYZER_NONNULL = YES;
				CLANG_CXX_LANGUAGE_STANDARD = "gnu++0x";
				CLANG_CXX_LIBRARY = "libc++";
				CLANG_ENABLE_MODULES = YES;
				CLANG_ENABLE_OBJC_ARC = YES;
				CLANG_WARN_BOOL_CONVERSION = YES;
				CLANG_WARN_CONSTANT_CONVERSION = YES;
				CLANG_WARN_DIRECT_OBJC_ISA_USAGE = YES_ERROR;
				CLANG_WARN_DOCUMENTATION_COMMENTS = YES;
				CLANG_WARN_EMPTY_BODY = YES;
				CLANG_WARN_ENUM_CONVERSION = YES;
				CLANG_WARN_INFINITE_RECURSION = YES;
				CLANG_WARN_INT_CONVERSION = YES;
				CLANG_WARN_OBJC_ROOT_CLASS = YES_ERROR;
				CLANG_WARN_SUSPICIOUS_MOVES = YES;
				CLANG_WARN_UNREACHABLE_CODE = YES;
				CLANG_WARN__DUPLICATE_METHOD_MATCH = YES;
				"CODE_SIGN_IDENTITY[sdk=iphoneos*]" = "iPhone Developer";
				COPY_PHASE_STRIP = NO;
				DEBUG_INFORMATION_FORMAT = dwarf;
				ENABLE_STRICT_OBJC_MSGSEND = YES;
				ENABLE_TESTABILITY = YES;
				GCC_C_LANGUAGE_STANDARD = gnu99;
				GCC_DYNAMIC_NO_PIC = NO;
				GCC_NO_COMMON_BLOCKS = YES;
				GCC_OPTIMIZATION_LEVEL = 0;
				GCC_PREPROCESSOR_DEFINITIONS = (
					"DEBUG=1",
					"$(inherited)",
				);
				GCC_WARN_64_TO_32_BIT_CONVERSION = YES;
				GCC_WARN_ABOUT_RETURN_TYPE = YES_ERROR;
				GCC_WARN_UNDECLARED_SELECTOR = YES;
				GCC_WARN_UNINITIALIZED_AUTOS = YES_AGGRESSIVE;
				GCC_WARN_UNUSED_FUNCTION = YES;
				GCC_WARN_UNUSED_VARIABLE = YES;
				IPHONEOS_DEPLOYMENT_TARGET = 10.0;
				MTL_ENABLE_DEBUG_INFO = YES;
				ONLY_ACTIVE_ARCH = YES;
				SDKROOT = iphoneos;
				SWIFT_ACTIVE_COMPILATION_CONDITIONS = DEBUG;
				SWIFT_OPTIMIZATION_LEVEL = "-Onone";
				TARGETED_DEVICE_FAMILY = "1,2";
			};
			name = Debug;
		};
		000262C11D86189900ED23D8 /* Release */ = {
			isa = XCBuildConfiguration;
			buildSettings = {
				ALWAYS_SEARCH_USER_PATHS = NO;
				CLANG_ANALYZER_NONNULL = YES;
				CLANG_CXX_LANGUAGE_STANDARD = "gnu++0x";
				CLANG_CXX_LIBRARY = "libc++";
				CLANG_ENABLE_MODULES = YES;
				CLANG_ENABLE_OBJC_ARC = YES;
				CLANG_WARN_BOOL_CONVERSION = YES;
				CLANG_WARN_CONSTANT_CONVERSION = YES;
				CLANG_WARN_DIRECT_OBJC_ISA_USAGE = YES_ERROR;
				CLANG_WARN_DOCUMENTATION_COMMENTS = YES;
				CLANG_WARN_EMPTY_BODY = YES;
				CLANG_WARN_ENUM_CONVERSION = YES;
				CLANG_WARN_INFINITE_RECURSION = YES;
				CLANG_WARN_INT_CONVERSION = YES;
				CLANG_WARN_OBJC_ROOT_CLASS = YES_ERROR;
				CLANG_WARN_SUSPICIOUS_MOVES = YES;
				CLANG_WARN_UNREACHABLE_CODE = YES;
				CLANG_WARN__DUPLICATE_METHOD_MATCH = YES;
				"CODE_SIGN_IDENTITY[sdk=iphoneos*]" = "iPhone Developer";
				COPY_PHASE_STRIP = NO;
				DEBUG_INFORMATION_FORMAT = "dwarf-with-dsym";
				ENABLE_NS_ASSERTIONS = NO;
				ENABLE_STRICT_OBJC_MSGSEND = YES;
				GCC_C_LANGUAGE_STANDARD = gnu99;
				GCC_NO_COMMON_BLOCKS = YES;
				GCC_WARN_64_TO_32_BIT_CONVERSION = YES;
				GCC_WARN_ABOUT_RETURN_TYPE = YES_ERROR;
				GCC_WARN_UNDECLARED_SELECTOR = YES;
				GCC_WARN_UNINITIALIZED_AUTOS = YES_AGGRESSIVE;
				GCC_WARN_UNUSED_FUNCTION = YES;
				GCC_WARN_UNUSED_VARIABLE = YES;
				IPHONEOS_DEPLOYMENT_TARGET = 10.0;
				MTL_ENABLE_DEBUG_INFO = NO;
				SDKROOT = iphoneos;
				SWIFT_OPTIMIZATION_LEVEL = "-Owholemodule";
				TARGETED_DEVICE_FAMILY = "1,2";
				VALIDATE_PRODUCT = YES;
			};
			name = Release;
		};
		000262C31D86189900ED23D8 /* Debug */ = {
			isa = XCBuildConfiguration;
			buildSettings = {
				ASSETCATALOG_COMPILER_APPICON_NAME = AppIcon;
				INFOPLIST_FILE = PitchPerfect/Info.plist;
				LD_RUNPATH_SEARCH_PATHS = "$(inherited) @executable_path/Frameworks";
				PRODUCT_BUNDLE_IDENTIFIER = com.robsterthelobster.PitchPerfect;
				PRODUCT_NAME = "$(TARGET_NAME)";
				SWIFT_VERSION = 3.0;
			};
			name = Debug;
		};
		000262C41D86189900ED23D8 /* Release */ = {
			isa = XCBuildConfiguration;
			buildSettings = {
				ASSETCATALOG_COMPILER_APPICON_NAME = AppIcon;
				INFOPLIST_FILE = PitchPerfect/Info.plist;
				LD_RUNPATH_SEARCH_PATHS = "$(inherited) @executable_path/Frameworks";
				PRODUCT_BUNDLE_IDENTIFIER = com.robsterthelobster.PitchPerfect;
				PRODUCT_NAME = "$(TARGET_NAME)";
				SWIFT_VERSION = 3.0;
			};
			name = Release;
		};
		000262C61D86189900ED23D8 /* Debug */ = {
			isa = XCBuildConfiguration;
			buildSettings = {
				ALWAYS_EMBED_SWIFT_STANDARD_LIBRARIES = YES;
				BUNDLE_LOADER = "$(TEST_HOST)";
				INFOPLIST_FILE = PitchPerfectTests/Info.plist;
				LD_RUNPATH_SEARCH_PATHS = "$(inherited) @executable_path/Frameworks @loader_path/Frameworks";
				PRODUCT_BUNDLE_IDENTIFIER = com.robsterthelobster.PitchPerfectTests;
				PRODUCT_NAME = "$(TARGET_NAME)";
				SWIFT_VERSION = 3.0;
				TEST_HOST = "$(BUILT_PRODUCTS_DIR)/PitchPerfect.app/PitchPerfect";
			};
			name = Debug;
		};
		000262C71D86189900ED23D8 /* Release */ = {
			isa = XCBuildConfiguration;
			buildSettings = {
				ALWAYS_EMBED_SWIFT_STANDARD_LIBRARIES = YES;
				BUNDLE_LOADER = "$(TEST_HOST)";
				INFOPLIST_FILE = PitchPerfectTests/Info.plist;
				LD_RUNPATH_SEARCH_PATHS = "$(inherited) @executable_path/Frameworks @loader_path/Frameworks";
				PRODUCT_BUNDLE_IDENTIFIER = com.robsterthelobster.PitchPerfectTests;
				PRODUCT_NAME = "$(TARGET_NAME)";
				SWIFT_VERSION = 3.0;
				TEST_HOST = "$(BUILT_PRODUCTS_DIR)/PitchPerfect.app/PitchPerfect";
			};
			name = Release;
		};
		000262C91D86189900ED23D8 /* Debug */ = {
			isa = XCBuildConfiguration;
			buildSettings = {
				ALWAYS_EMBED_SWIFT_STANDARD_LIBRARIES = YES;
				INFOPLIST_FILE = PitchPerfectUITests/Info.plist;
				LD_RUNPATH_SEARCH_PATHS = "$(inherited) @executable_path/Frameworks @loader_path/Frameworks";
				PRODUCT_BUNDLE_IDENTIFIER = com.robsterthelobster.PitchPerfectUITests;
				PRODUCT_NAME = "$(TARGET_NAME)";
				SWIFT_VERSION = 3.0;
				TEST_TARGET_NAME = PitchPerfect;
			};
			name = Debug;
		};
		000262CA1D86189900ED23D8 /* Release */ = {
			isa = XCBuildConfiguration;
			buildSettings = {
				ALWAYS_EMBED_SWIFT_STANDARD_LIBRARIES = YES;
				INFOPLIST_FILE = PitchPerfectUITests/Info.plist;
				LD_RUNPATH_SEARCH_PATHS = "$(inherited) @executable_path/Frameworks @loader_path/Frameworks";
				PRODUCT_BUNDLE_IDENTIFIER = com.robsterthelobster.PitchPerfectUITests;
				PRODUCT_NAME = "$(TARGET_NAME)";
				SWIFT_VERSION = 3.0;
				TEST_TARGET_NAME = PitchPerfect;
			};
			name = Release;
		};
/* End XCBuildConfiguration section */

/* Begin XCConfigurationList section */
		000262951D86189800ED23D8 /* Build configuration list for PBXProject "PitchPerfect" */ = {
			isa = XCConfigurationList;
			buildConfigurations = (
				000262C01D86189900ED23D8 /* Debug */,
				000262C11D86189900ED23D8 /* Release */,
			);
			defaultConfigurationIsVisible = 0;
			defaultConfigurationName = Release;
		};
		000262C21D86189900ED23D8 /* Build configuration list for PBXNativeTarget "PitchPerfect" */ = {
			isa = XCConfigurationList;
			buildConfigurations = (
				000262C31D86189900ED23D8 /* Debug */,
				000262C41D86189900ED23D8 /* Release */,
			);
			defaultConfigurationIsVisible = 0;
		};
		000262C51D86189900ED23D8 /* Build configuration list for PBXNativeTarget "PitchPerfectTests" */ = {
			isa = XCConfigurationList;
			buildConfigurations = (
				000262C61D86189900ED23D8 /* Debug */,
				000262C71D86189900ED23D8 /* Release */,
			);
			defaultConfigurationIsVisible = 0;
		};
		000262C81D86189900ED23D8 /* Build configuration list for PBXNativeTarget "PitchPerfectUITests" */ = {
			isa = XCConfigurationList;
			buildConfigurations = (
				000262C91D86189900ED23D8 /* Debug */,
				000262CA1D86189900ED23D8 /* Release */,
			);
			defaultConfigurationIsVisible = 0;
		};
/* End XCConfigurationList section */
	};
	rootObject = 000262921D86189800ED23D8 /* Project object */;
}
